
Microsoft Visual Studio Solution File, Format Version 12.00
# Visual Studio 15
VisualStudioVersion = 15.0.28307.329
MinimumVisualStudioVersion = 10.0.40219.1
Project("{FAE04EC0-301F-11D3-BF4B-00C04F79EFBC}") = "SD230A2BubbleSortArray", "SD230A2BubbleSortArray\SD230A2BubbleSortArray.csproj", "{CD6E7EF5-7D25-42EC-803C-70ED3B195009}"
EndProject
Global
	GlobalSection(SolutionConfigurationPlatforms) = preSolution
		Debug|Any CPU = Debug|Any CPU
		Release|Any CPU = Release|Any CPU
	EndGlobalSection
	GlobalSection(ProjectConfigurationPlatforms) = postSolution
		{CD6E7EF5-7D25-42EC-803C-70ED3B195009}.Debug|Any CPU.ActiveCfg = Debug|Any CPU
		{CD6E7EF5-7D25-42EC-803C-70ED3B195009}.Debug|Any CPU.Build.0 = Debug|Any CPU
		{CD6E7EF5-7D25-42EC-803C-70ED3B195009}.Release|Any CPU.ActiveCfg = Release|Any CPU
		{CD6E7EF5-7D25-42EC-803C-70ED3B195009}.Release|Any CPU.Build.0 = Release|Any CPU
	EndGlobalSection
	GlobalSection(SolutionProperties) = preSolution
		HideSolutionNode = FALSE
	EndGlobalSection
	GlobalSection(ExtensibilityGlobals) = postSolution
		SolutionGuid = {7FB2D579-E0E5-4163-87D7-49C1083C3EB7}
	EndGlobalSection
EndGlobal
